
Microsoft Visual Studio Solution File, Format Version 12.00
# Visual Studio Version 16
VisualStudioVersion = 16.0.31005.135
MinimumVisualStudioVersion = 10.0.40219.1
Project("{FAE04EC0-301F-11D3-BF4B-00C04F79EFBC}") = "TaskListMVC", "TaskListMVC.csproj", "{0DD5AD74-522D-4F8D-8DAB-F3D6B7CBFC90}"
EndProject
Global
	GlobalSection(SolutionConfigurationPlatforms) = preSolution
		Debug|Any CPU = Debug|Any CPU
		Release|Any CPU = Release|Any CPU
	EndGlobalSection
	GlobalSection(ProjectConfigurationPlatforms) = postSolution
		{0DD5AD74-522D-4F8D-8DAB-F3D6B7CBFC90}.Debug|Any CPU.ActiveCfg = Debug|Any CPU
		{0DD5AD74-522D-4F8D-8DAB-F3D6B7CBFC90}.Debug|Any CPU.Build.0 = Debug|Any CPU
		{0DD5AD74-522D-4F8D-8DAB-F3D6B7CBFC90}.Release|Any CPU.ActiveCfg = Release|Any CPU
		{0DD5AD74-522D-4F8D-8DAB-F3D6B7CBFC90}.Release|Any CPU.Build.0 = Release|Any CPU
	EndGlobalSection
	GlobalSection(SolutionProperties) = preSolution
		HideSolutionNode = FALSE
	EndGlobalSection
	GlobalSection(ExtensibilityGlobals) = postSolution
		SolutionGuid = {1FF56659-C6D5-484F-BBCD-296637B00740}
	EndGlobalSection
EndGlobal
